// !$*UTF8*$!
{
	archiveVersion = 1;
	classes = {
	};
	objectVersion = 55;
	objects = {

/* Begin PBXBuildFile section */
		3D79B12328FEED2200A3EAE3 /* AppDelegate.swift in Sources */ = {isa = PBXBuildFile; fileRef = 3D79B12228FEED2200A3EAE3 /* AppDelegate.swift */; };
		3D79B12528FEED2200A3EAE3 /* SceneDelegate.swift in Sources */ = {isa = PBXBuildFile; fileRef = 3D79B12428FEED2200A3EAE3 /* SceneDelegate.swift */; };
		3D79B12728FEED2200A3EAE3 /* ViewController.swift in Sources */ = {isa = PBXBuildFile; fileRef = 3D79B12628FEED2200A3EAE3 /* ViewController.swift */; };
		3D79B12A28FEED2200A3EAE3 /* Main.storyboard in Resources */ = {isa = PBXBuildFile; fileRef = 3D79B12828FEED2200A3EAE3 /* Main.storyboard */; };
		3D79B12C28FEED2300A3EAE3 /* Assets.xcassets in Resources */ = {isa = PBXBuildFile; fileRef = 3D79B12B28FEED2300A3EAE3 /* Assets.xcassets */; };
		3D79B12F28FEED2300A3EAE3 /* LaunchScreen.storyboard in Resources */ = {isa = PBXBuildFile; fileRef = 3D79B12D28FEED2300A3EAE3 /* LaunchScreen.storyboard */; };
		3D79B13A28FEED2300A3EAE3 /* SignUpTests.swift in Sources */ = {isa = PBXBuildFile; fileRef = 3D79B13928FEED2300A3EAE3 /* SignUpTests.swift */; };
		3D79B14428FEED2300A3EAE3 /* SignUpUITests.swift in Sources */ = {isa = PBXBuildFile; fileRef = 3D79B14328FEED2300A3EAE3 /* SignUpUITests.swift */; };
		3D79B14628FEED2300A3EAE3 /* SignUpUITestsLaunchTests.swift in Sources */ = {isa = PBXBuildFile; fileRef = 3D79B14528FEED2300A3EAE3 /* SignUpUITestsLaunchTests.swift */; };
/* End PBXBuildFile section */

/* Begin PBXContainerItemProxy section */
		3D79B13628FEED2300A3EAE3 /* PBXContainerItemProxy */ = {
			isa = PBXContainerItemProxy;
			containerPortal = 3D79B11728FEED2200A3EAE3 /* Project object */;
			proxyType = 1;
			remoteGlobalIDString = 3D79B11E28FEED2200A3EAE3;
			remoteInfo = SignUp;
		};
		3D79B14028FEED2300A3EAE3 /* PBXContainerItemProxy */ = {
			isa = PBXContainerItemProxy;
			containerPortal = 3D79B11728FEED2200A3EAE3 /* Project object */;
			proxyType = 1;
			remoteGlobalIDString = 3D79B11E28FEED2200A3EAE3;
			remoteInfo = SignUp;
		};
/* End PBXContainerItemProxy section */

/* Begin PBXFileReference section */
		3D79B11F28FEED2200A3EAE3 /* SignUp.app */ = {isa = PBXFileReference; explicitFileType = wrapper.application; includeInIndex = 0; path = SignUp.app; sourceTree = BUILT_PRODUCTS_DIR; };
		3D79B12228FEED2200A3EAE3 /* AppDelegate.swift */ = {isa = PBXFileReference; lastKnownFileType = sourcecode.swift; path = AppDelegate.swift; sourceTree = "<group>"; };
		3D79B12428FEED2200A3EAE3 /* SceneDelegate.swift */ = {isa = PBXFileReference; lastKnownFileType = sourcecode.swift; path = SceneDelegate.swift; sourceTree = "<group>"; };
		3D79B12628FEED2200A3EAE3 /* ViewController.swift */ = {isa = PBXFileReference; lastKnownFileType = sourcecode.swift; path = ViewController.swift; sourceTree = "<group>"; };
		3D79B12928FEED2200A3EAE3 /* Base */ = {isa = PBXFileReference; lastKnownFileType = file.storyboard; name = Base; path = Base.lproj/Main.storyboard; sourceTree = "<group>"; };
		3D79B12B28FEED2300A3EAE3 /* Assets.xcassets */ = {isa = PBXFileReference; lastKnownFileType = folder.assetcatalog; path = Assets.xcassets; sourceTree = "<group>"; };
		3D79B12E28FEED2300A3EAE3 /* Base */ = {isa = PBXFileReference; lastKnownFileType = file.storyboard; name = Base; path = Base.lproj/LaunchScreen.storyboard; sourceTree = "<group>"; };
		3D79B13028FEED2300A3EAE3 /* Info.plist */ = {isa = PBXFileReference; lastKnownFileType = text.plist.xml; path = Info.plist; sourceTree = "<group>"; };
		3D79B13528FEED2300A3EAE3 /* SignUpTests.xctest */ = {isa = PBXFileReference; explicitFileType = wrapper.cfbundle; includeInIndex = 0; path = SignUpTests.xctest; sourceTree = BUILT_PRODUCTS_DIR; };
		3D79B13928FEED2300A3EAE3 /* SignUpTests.swift */ = {isa = PBXFileReference; lastKnownFileType = sourcecode.swift; path = SignUpTests.swift; sourceTree = "<group>"; };
		3D79B13F28FEED2300A3EAE3 /* SignUpUITests.xctest */ = {isa = PBXFileReference; explicitFileType = wrapper.cfbundle; includeInIndex = 0; path = SignUpUITests.xctest; sourceTree = BUILT_PRODUCTS_DIR; };
		3D79B14328FEED2300A3EAE3 /* SignUpUITests.swift */ = {isa = PBXFileReference; lastKnownFileType = sourcecode.swift; path = SignUpUITests.swift; sourceTree = "<group>"; };
		3D79B14528FEED2300A3EAE3 /* SignUpUITestsLaunchTests.swift */ = {isa = PBXFileReference; lastKnownFileType = sourcecode.swift; path = SignUpUITestsLaunchTests.swift; sourceTree = "<group>"; };
/* End PBXFileReference section */

/* Begin PBXFrameworksBuildPhase section */
		3D79B11C28FEED2200A3EAE3 /* Frameworks */ = {
			isa = PBXFrameworksBuildPhase;
			buildActionMask = 2147483647;
			files = (
			);
			runOnlyForDeploymentPostprocessing = 0;
		};
		3D79B13228FEED2300A3EAE3 /* Frameworks */ = {
			isa = PBXFrameworksBuildPhase;
			buildActionMask = 2147483647;
			files = (
			);
			runOnlyForDeploymentPostprocessing = 0;
		};
		3D79B13C28FEED2300A3EAE3 /* Frameworks */ = {
			isa = PBXFrameworksBuildPhase;
			buildActionMask = 2147483647;
			files = (
			);
			runOnlyForDeploymentPostprocessing = 0;
		};
/* End PBXFrameworksBuildPhase section */

/* Begin PBXGroup section */
		3D79B11628FEED2200A3EAE3 = {
			isa = PBXGroup;
			children = (
				3D79B12128FEED2200A3EAE3 /* SignUp */,
				3D79B13828FEED2300A3EAE3 /* SignUpTests */,
				3D79B14228FEED2300A3EAE3 /* SignUpUITests */,
				3D79B12028FEED2200A3EAE3 /* Products */,
			);
			sourceTree = "<group>";
		};
		3D79B12028FEED2200A3EAE3 /* Products */ = {
			isa = PBXGroup;
			children = (
				3D79B11F28FEED2200A3EAE3 /* SignUp.app */,
				3D79B13528FEED2300A3EAE3 /* SignUpTests.xctest */,
				3D79B13F28FEED2300A3EAE3 /* SignUpUITests.xctest */,
			);
			name = Products;
			sourceTree = "<group>";
		};
		3D79B12128FEED2200A3EAE3 /* SignUp */ = {
			isa = PBXGroup;
			children = (
				3D79B12228FEED2200A3EAE3 /* AppDelegate.swift */,
				3D79B12428FEED2200A3EAE3 /* SceneDelegate.swift */,
				3D79B12628FEED2200A3EAE3 /* ViewController.swift */,
				3D79B12828FEED2200A3EAE3 /* Main.storyboard */,
				3D79B12B28FEED2300A3EAE3 /* Assets.xcassets */,
				3D79B12D28FEED2300A3EAE3 /* LaunchScreen.storyboard */,
				3D79B13028FEED2300A3EAE3 /* Info.plist */,
			);
			path = SignUp;
			sourceTree = "<group>";
		};
		3D79B13828FEED2300A3EAE3 /* SignUpTests */ = {
			isa = PBXGroup;
			children = (
				3D79B13928FEED2300A3EAE3 /* SignUpTests.swift */,
			);
			path = SignUpTests;
			sourceTree = "<group>";
		};
		3D79B14228FEED2300A3EAE3 /* SignUpUITests */ = {
			isa = PBXGroup;
			children = (
				3D79B14328FEED2300A3EAE3 /* SignUpUITests.swift */,
				3D79B14528FEED2300A3EAE3 /* SignUpUITestsLaunchTests.swift */,
			);
			path = SignUpUITests;
			sourceTree = "<group>";
		};
/* End PBXGroup section */

/* Begin PBXNativeTarget section */
		3D79B11E28FEED2200A3EAE3 /* SignUp */ = {
			isa = PBXNativeTarget;
			buildConfigurationList = 3D79B14928FEED2300A3EAE3 /* Build configuration list for PBXNativeTarget "SignUp" */;
			buildPhases = (
				3D79B11B28FEED2200A3EAE3 /* Sources */,
				3D79B11C28FEED2200A3EAE3 /* Frameworks */,
				3D79B11D28FEED2200A3EAE3 /* Resources */,
			);
			buildRules = (
			);
			dependencies = (
			);
			name = SignUp;
			productName = SignUp;
			productReference = 3D79B11F28FEED2200A3EAE3 /* SignUp.app */;
			productType = "com.apple.product-type.application";
		};
		3D79B13428FEED2300A3EAE3 /* SignUpTests */ = {
			isa = PBXNativeTarget;
			buildConfigurationList = 3D79B14C28FEED2300A3EAE3 /* Build configuration list for PBXNativeTarget "SignUpTests" */;
			buildPhases = (
				3D79B13128FEED2300A3EAE3 /* Sources */,
				3D79B13228FEED2300A3EAE3 /* Frameworks */,
				3D79B13328FEED2300A3EAE3 /* Resources */,
			);
			buildRules = (
			);
			dependencies = (
				3D79B13728FEED2300A3EAE3 /* PBXTargetDependency */,
			);
			name = SignUpTests;
			productName = SignUpTests;
			productReference = 3D79B13528FEED2300A3EAE3 /* SignUpTests.xctest */;
			productType = "com.apple.product-type.bundle.unit-test";
		};
		3D79B13E28FEED2300A3EAE3 /* SignUpUITests */ = {
			isa = PBXNativeTarget;
			buildConfigurationList = 3D79B14F28FEED2300A3EAE3 /* Build configuration list for PBXNativeTarget "SignUpUITests" */;
			buildPhases = (
				3D79B13B28FEED2300A3EAE3 /* Sources */,
				3D79B13C28FEED2300A3EAE3 /* Frameworks */,
				3D79B13D28FEED2300A3EAE3 /* Resources */,
			);
			buildRules = (
			);
			dependencies = (
				3D79B14128FEED2300A3EAE3 /* PBXTargetDependency */,
			);
			name = SignUpUITests;
			productName = SignUpUITests;
			productReference = 3D79B13F28FEED2300A3EAE3 /* SignUpUITests.xctest */;
			productType = "com.apple.product-type.bundle.ui-testing";
		};
/* End PBXNativeTarget section */

/* Begin PBXProject section */
		3D79B11728FEED2200A3EAE3 /* Project object */ = {
			isa = PBXProject;
			attributes = {
				BuildIndependentTargetsInParallel = 1;
				LastSwiftUpdateCheck = 1340;
				LastUpgradeCheck = 1340;
				TargetAttributes = {
					3D79B11E28FEED2200A3EAE3 = {
						CreatedOnToolsVersion = 13.4.1;
					};
					3D79B13428FEED2300A3EAE3 = {
						CreatedOnToolsVersion = 13.4.1;
						TestTargetID = 3D79B11E28FEED2200A3EAE3;
					};
					3D79B13E28FEED2300A3EAE3 = {
						CreatedOnToolsVersion = 13.4.1;
						TestTargetID = 3D79B11E28FEED2200A3EAE3;
					};
				};
			};
			buildConfigurationList = 3D79B11A28FEED2200A3EAE3 /* Build configuration list for PBXProject "SignUp" */;
			compatibilityVersion = "Xcode 13.0";
			developmentRegion = en;
			hasScannedForEncodings = 0;
			knownRegions = (
				en,
				Base,
			);
			mainGroup = 3D79B11628FEED2200A3EAE3;
			productRefGroup = 3D79B12028FEED2200A3EAE3 /* Products */;
			projectDirPath = "";
			projectRoot = "";
			targets = (
				3D79B11E28FEED2200A3EAE3 /* SignUp */,
				3D79B13428FEED2300A3EAE3 /* SignUpTests */,
				3D79B13E28FEED2300A3EAE3 /* SignUpUITests */,
			);
		};
/* End PBXProject section */

/* Begin PBXResourcesBuildPhase section */
		3D79B11D28FEED2200A3EAE3 /* Resources */ = {
			isa = PBXResourcesBuildPhase;
			buildActionMask = 2147483647;
			files = (
				3D79B12F28FEED2300A3EAE3 /* LaunchScreen.storyboard in Resources */,
				3D79B12C28FEED2300A3EAE3 /* Assets.xcassets in Resources */,
				3D79B12A28FEED2200A3EAE3 /* Main.storyboard in Resources */,
			);
			runOnlyForDeploymentPostprocessing = 0;
		};
		3D79B13328FEED2300A3EAE3 /* Resources */ = {
			isa = PBXResourcesBuildPhase;
			buildActionMask = 2147483647;
			files = (
			);
			runOnlyForDeploymentPostprocessing = 0;
		};
		3D79B13D28FEED2300A3EAE3 /* Resources */ = {
			isa = PBXResourcesBuildPhase;
			buildActionMask = 2147483647;
			files = (
			);
			runOnlyForDeploymentPostprocessing = 0;
		};
/* End PBXResourcesBuildPhase section */

/* Begin PBXSourcesBuildPhase section */
		3D79B11B28FEED2200A3EAE3 /* Sources */ = {
			isa = PBXSourcesBuildPhase;
			buildActionMask = 2147483647;
			files = (
				3D79B12728FEED2200A3EAE3 /* ViewController.swift in Sources */,
				3D79B12328FEED2200A3EAE3 /* AppDelegate.swift in Sources */,
				3D79B12528FEED2200A3EAE3 /* SceneDelegate.swift in Sources */,
			);
			runOnlyForDeploymentPostprocessing = 0;
		};
		3D79B13128FEED2300A3EAE3 /* Sources */ = {
			isa = PBXSourcesBuildPhase;
			buildActionMask = 2147483647;
			files = (
				3D79B13A28FEED2300A3EAE3 /* SignUpTests.swift in Sources */,
			);
			runOnlyForDeploymentPostprocessing = 0;
		};
		3D79B13B28FEED2300A3EAE3 /* Sources */ = {
			isa = PBXSourcesBuildPhase;
			buildActionMask = 2147483647;
			files = (
				3D79B14628FEED2300A3EAE3 /* SignUpUITestsLaunchTests.swift in Sources */,
				3D79B14428FEED2300A3EAE3 /* SignUpUITests.swift in Sources */,
			);
			runOnlyForDeploymentPostprocessing = 0;
		};
/* End PBXSourcesBuildPhase section */

/* Begin PBXTargetDependency section */
		3D79B13728FEED2300A3EAE3 /* PBXTargetDependency */ = {
			isa = PBXTargetDependency;
			target = 3D79B11E28FEED2200A3EAE3 /* SignUp */;
			targetProxy = 3D79B13628FEED2300A3EAE3 /* PBXContainerItemProxy */;
		};
		3D79B14128FEED2300A3EAE3 /* PBXTargetDependency */ = {
			isa = PBXTargetDependency;
			target = 3D79B11E28FEED2200A3EAE3 /* SignUp */;
			targetProxy = 3D79B14028FEED2300A3EAE3 /* PBXContainerItemProxy */;
		};
/* End PBXTargetDependency section */

/* Begin PBXVariantGroup section */
		3D79B12828FEED2200A3EAE3 /* Main.storyboard */ = {
			isa = PBXVariantGroup;
			children = (
				3D79B12928FEED2200A3EAE3 /* Base */,
			);
			name = Main.storyboard;
			sourceTree = "<group>";
		};
		3D79B12D28FEED2300A3EAE3 /* LaunchScreen.storyboard */ = {
			isa = PBXVariantGroup;
			children = (
				3D79B12E28FEED2300A3EAE3 /* Base */,
			);
			name = LaunchScreen.storyboard;
			sourceTree = "<group>";
		};
/* End PBXVariantGroup section */

/* Begin XCBuildConfiguration section */
		3D79B14728FEED2300A3EAE3 /* Debug */ = {
			isa = XCBuildConfiguration;
			buildSettings = {
				ALWAYS_SEARCH_USER_PATHS = NO;
				CLANG_ANALYZER_NONNULL = YES;
				CLANG_ANALYZER_NUMBER_OBJECT_CONVERSION = YES_AGGRESSIVE;
				CLANG_CXX_LANGUAGE_STANDARD = "gnu++17";
				CLANG_ENABLE_MODULES = YES;
				CLANG_ENABLE_OBJC_ARC = YES;
				CLANG_ENABLE_OBJC_WEAK = YES;
				CLANG_WARN_BLOCK_CAPTURE_AUTORELEASING = YES;
				CLANG_WARN_BOOL_CONVERSION = YES;
				CLANG_WARN_COMMA = YES;
				CLANG_WARN_CONSTANT_CONVERSION = YES;
				CLANG_WARN_DEPRECATED_OBJC_IMPLEMENTATIONS = YES;
				CLANG_WARN_DIRECT_OBJC_ISA_USAGE = YES_ERROR;
				CLANG_WARN_DOCUMENTATION_COMMENTS = YES;
				CLANG_WARN_EMPTY_BODY = YES;
				CLANG_WARN_ENUM_CONVERSION = YES;
				CLANG_WARN_INFINITE_RECURSION = YES;
				CLANG_WARN_INT_CONVERSION = YES;
				CLANG_WARN_NON_LITERAL_NULL_CONVERSION = YES;
				CLANG_WARN_OBJC_IMPLICIT_RETAIN_SELF = YES;
				CLANG_WARN_OBJC_LITERAL_CONVERSION = YES;
				CLANG_WARN_OBJC_ROOT_CLASS = YES_ERROR;
				CLANG_WARN_QUOTED_INCLUDE_IN_FRAMEWORK_HEADER = YES;
				CLANG_WARN_RANGE_LOOP_ANALYSIS = YES;
				CLANG_WARN_STRICT_PROTOTYPES = YES;
				CLANG_WARN_SUSPICIOUS_MOVE = YES;
				CLANG_WARN_UNGUARDED_AVAILABILITY = YES_AGGRESSIVE;
				CLANG_WARN_UNREACHABLE_CODE = YES;
				CLANG_WARN__DUPLICATE_METHOD_MATCH = YES;
				COPY_PHASE_STRIP = NO;
				DEBUG_INFORMATION_FORMAT = dwarf;
				ENABLE_STRICT_OBJC_MSGSEND = YES;
				ENABLE_TESTABILITY = YES;
				GCC_C_LANGUAGE_STANDARD = gnu11;
				GCC_DYNAMIC_NO_PIC = NO;
				GCC_NO_COMMON_BLOCKS = YES;
				GCC_OPTIMIZATION_LEVEL = 0;
				GCC_PREPROCESSOR_DEFINITIONS = (
					"DEBUG=1",
					"$(inherited)",
				);
				GCC_WARN_64_TO_32_BIT_CONVERSION = YES;
				GCC_WARN_ABOUT_RETURN_TYPE = YES_ERROR;
				GCC_WARN_UNDECLARED_SELECTOR = YES;
				GCC_WARN_UNINITIALIZED_AUTOS = YES_AGGRESSIVE;
				GCC_WARN_UNUSED_FUNCTION = YES;
				GCC_WARN_UNUSED_VARIABLE = YES;
				IPHONEOS_DEPLOYMENT_TARGET = 15.5;
				MTL_ENABLE_DEBUG_INFO = INCLUDE_SOURCE;
				MTL_FAST_MATH = YES;
				ONLY_ACTIVE_ARCH = YES;
				SDKROOT = iphoneos;
				SWIFT_ACTIVE_COMPILATION_CONDITIONS = DEBUG;
				SWIFT_OPTIMIZATION_LEVEL = "-Onone";
			};
			name = Debug;
		};
		3D79B14828FEED2300A3EAE3 /* Release */ = {
			isa = XCBuildConfiguration;
			buildSettings = {
				ALWAYS_SEARCH_USER_PATHS = NO;
				CLANG_ANALYZER_NONNULL = YES;
				CLANG_ANALYZER_NUMBER_OBJECT_CONVERSION = YES_AGGRESSIVE;
				CLANG_CXX_LANGUAGE_STANDARD = "gnu++17";
				CLANG_ENABLE_MODULES = YES;
				CLANG_ENABLE_OBJC_ARC = YES;
				CLANG_ENABLE_OBJC_WEAK = YES;
				CLANG_WARN_BLOCK_CAPTURE_AUTORELEASING = YES;
				CLANG_WARN_BOOL_CONVERSION = YES;
				CLANG_WARN_COMMA = YES;
				CLANG_WARN_CONSTANT_CONVERSION = YES;
				CLANG_WARN_DEPRECATED_OBJC_IMPLEMENTATIONS = YES;
				CLANG_WARN_DIRECT_OBJC_ISA_USAGE = YES_ERROR;
				CLANG_WARN_DOCUMENTATION_COMMENTS = YES;
				CLANG_WARN_EMPTY_BODY = YES;
				CLANG_WARN_ENUM_CONVERSION = YES;
				CLANG_WARN_INFINITE_RECURSION = YES;
				CLANG_WARN_INT_CONVERSION = YES;
				CLANG_WARN_NON_LITERAL_NULL_CONVERSION = YES;
				CLANG_WARN_OBJC_IMPLICIT_RETAIN_SELF = YES;
				CLANG_WARN_OBJC_LITERAL_CONVERSION = YES;
				CLANG_WARN_OBJC_ROOT_CLASS = YES_ERROR;
				CLANG_WARN_QUOTED_INCLUDE_IN_FRAMEWORK_HEADER = YES;
				CLANG_WARN_RANGE_LOOP_ANALYSIS = YES;
				CLANG_WARN_STRICT_PROTOTYPES = YES;
				CLANG_WARN_SUSPICIOUS_MOVE = YES;
				CLANG_WARN_UNGUARDED_AVAILABILITY = YES_AGGRESSIVE;
				CLANG_WARN_UNREACHABLE_CODE = YES;
				CLANG_WARN__DUPLICATE_METHOD_MATCH = YES;
				COPY_PHASE_STRIP = NO;
				DEBUG_INFORMATION_FORMAT = "dwarf-with-dsym";
				ENABLE_NS_ASSERTIONS = NO;
				ENABLE_STRICT_OBJC_MSGSEND = YES;
				GCC_C_LANGUAGE_STANDARD = gnu11;
				GCC_NO_COMMON_BLOCKS = YES;
				GCC_WARN_64_TO_32_BIT_CONVERSION = YES;
				GCC_WARN_ABOUT_RETURN_TYPE = YES_ERROR;
				GCC_WARN_UNDECLARED_SELECTOR = YES;
				GCC_WARN_UNINITIALIZED_AUTOS = YES_AGGRESSIVE;
				GCC_WARN_UNUSED_FUNCTION = YES;
				GCC_WARN_UNUSED_VARIABLE = YES;
				IPHONEOS_DEPLOYMENT_TARGET = 15.5;
				MTL_ENABLE_DEBUG_INFO = NO;
				MTL_FAST_MATH = YES;
				SDKROOT = iphoneos;
				SWIFT_COMPILATION_MODE = wholemodule;
				SWIFT_OPTIMIZATION_LEVEL = "-O";
				VALIDATE_PRODUCT = YES;
			};
			name = Release;
		};
		3D79B14A28FEED2300A3EAE3 /* Debug */ = {
			isa = XCBuildConfiguration;
			buildSettings = {
				ASSETCATALOG_COMPILER_APPICON_NAME = AppIcon;
				ASSETCATALOG_COMPILER_GLOBAL_ACCENT_COLOR_NAME = AccentColor;
				CODE_SIGN_STYLE = Automatic;
				CURRENT_PROJECT_VERSION = 1;
				DEVELOPMENT_TEAM = 6WZYJKR3V9;
				GENERATE_INFOPLIST_FILE = YES;
				INFOPLIST_FILE = SignUp/Info.plist;
				INFOPLIST_KEY_UIApplicationSupportsIndirectInputEvents = YES;
				INFOPLIST_KEY_UILaunchStoryboardName = LaunchScreen;
				INFOPLIST_KEY_UIMainStoryboardFile = Main;
				INFOPLIST_KEY_UISupportedInterfaceOrientations_iPad = "UIInterfaceOrientationPortrait UIInterfaceOrientationPortraitUpsideDown UIInterfaceOrientationLandscapeLeft UIInterfaceOrientationLandscapeRight";
				INFOPLIST_KEY_UISupportedInterfaceOrientations_iPhone = "UIInterfaceOrientationPortrait UIInterfaceOrientationLandscapeLeft UIInterfaceOrientationLandscapeRight";
				LD_RUNPATH_SEARCH_PATHS = (
					"$(inherited)",
					"@executable_path/Frameworks",
				);
				MARKETING_VERSION = 1.0;
				PRODUCT_BUNDLE_IDENTIFIER = com.kxcoding.SignUp;
				PRODUCT_NAME = "$(TARGET_NAME)";
				SWIFT_EMIT_LOC_STRINGS = YES;
				SWIFT_VERSION = 5.0;
				TARGETED_DEVICE_FAMILY = "1,2";
			};
			name = Debug;
		};
		3D79B14B28FEED2300A3EAE3 /* Release */ = {
			isa = XCBuildConfiguration;
			buildSettings = {
				ASSETCATALOG_COMPILER_APPICON_NAME = AppIcon;
				ASSETCATALOG_COMPILER_GLOBAL_ACCENT_COLOR_NAME = AccentColor;
				CODE_SIGN_STYLE = Automatic;
				CURRENT_PROJECT_VERSION = 1;
				DEVELOPMENT_TEAM = 6WZYJKR3V9;
				GENERATE_INFOPLIST_FILE = YES;
				INFOPLIST_FILE = SignUp/Info.plist;
				INFOPLIST_KEY_UIApplicationSupportsIndirectInputEvents = YES;
				INFOPLIST_KEY_UILaunchStoryboardName = LaunchScreen;
				INFOPLIST_KEY_UIMainStoryboardFile = Main;
				INFOPLIST_KEY_UISupportedInterfaceOrientations_iPad = "UIInterfaceOrientationPortrait UIInterfaceOrientationPortraitUpsideDown UIInterfaceOrientationLandscapeLeft UIInterfaceOrientationLandscapeRight";
				INFOPLIST_KEY_UISupportedInterfaceOrientations_iPhone = "UIInterfaceOrientationPortrait UIInterfaceOrientationLandscapeLeft UIInterfaceOrientationLandscapeRight";
				LD_RUNPATH_SEARCH_PATHS = (
					"$(inherited)",
					"@executable_path/Frameworks",
				);
				MARKETING_VERSION = 1.0;
				PRODUCT_BUNDLE_IDENTIFIER = com.kxcoding.SignUp;
				PRODUCT_NAME = "$(TARGET_NAME)";
				SWIFT_EMIT_LOC_STRINGS = YES;
				SWIFT_VERSION = 5.0;
				TARGETED_DEVICE_FAMILY = "1,2";
			};
			name = Release;
		};
		3D79B14D28FEED2300A3EAE3 /* Debug */ = {
			isa = XCBuildConfiguration;
			buildSettings = {
				ALWAYS_EMBED_SWIFT_STANDARD_LIBRARIES = YES;
				BUNDLE_LOADER = "$(TEST_HOST)";
				CODE_SIGN_STYLE = Automatic;
				CURRENT_PROJECT_VERSION = 1;
				DEVELOPMENT_TEAM = 6WZYJKR3V9;
				GENERATE_INFOPLIST_FILE = YES;
				IPHONEOS_DEPLOYMENT_TARGET = 15.5;
				MARKETING_VERSION = 1.0;
				PRODUCT_BUNDLE_IDENTIFIER = com.kxcoding.SignUpTests;
				PRODUCT_NAME = "$(TARGET_NAME)";
				SWIFT_EMIT_LOC_STRINGS = NO;
				SWIFT_VERSION = 5.0;
				TARGETED_DEVICE_FAMILY = "1,2";
				TEST_HOST = "$(BUILT_PRODUCTS_DIR)/SignUp.app/SignUp";
			};
			name = Debug;
		};
		3D79B14E28FEED2300A3EAE3 /* Release */ = {
			isa = XCBuildConfiguration;
			buildSettings = {
				ALWAYS_EMBED_SWIFT_STANDARD_LIBRARIES = YES;
				BUNDLE_LOADER = "$(TEST_HOST)";
				CODE_SIGN_STYLE = Automatic;
				CURRENT_PROJECT_VERSION = 1;
				DEVELOPMENT_TEAM = 6WZYJKR3V9;
				GENERATE_INFOPLIST_FILE = YES;
				IPHONEOS_DEPLOYMENT_TARGET = 15.5;
				MARKETING_VERSION = 1.0;
				PRODUCT_BUNDLE_IDENTIFIER = com.kxcoding.SignUpTests;
				PRODUCT_NAME = "$(TARGET_NAME)";
				SWIFT_EMIT_LOC_STRINGS = NO;
				SWIFT_VERSION = 5.0;
				TARGETED_DEVICE_FAMILY = "1,2";
				TEST_HOST = "$(BUILT_PRODUCTS_DIR)/SignUp.app/SignUp";
			};
			name = Release;
		};
		3D79B15028FEED2300A3EAE3 /* Debug */ = {
			isa = XCBuildConfiguration;
			buildSettings = {
				ALWAYS_EMBED_SWIFT_STANDARD_LIBRARIES = YES;
				CODE_SIGN_STYLE = Automatic;
				CURRENT_PROJECT_VERSION = 1;
				DEVELOPMENT_TEAM = 6WZYJKR3V9;
				GENERATE_INFOPLIST_FILE = YES;
				MARKETING_VERSION = 1.0;
				PRODUCT_BUNDLE_IDENTIFIER = com.kxcoding.SignUpUITests;
				PRODUCT_NAME = "$(TARGET_NAME)";
				SWIFT_EMIT_LOC_STRINGS = NO;
				SWIFT_VERSION = 5.0;
				TARGETED_DEVICE_FAMILY = "1,2";
				TEST_TARGET_NAME = SignUp;
			};
			name = Debug;
		};
		3D79B15128FEED2300A3EAE3 /* Release */ = {
			isa = XCBuildConfiguration;
			buildSettings = {
				ALWAYS_EMBED_SWIFT_STANDARD_LIBRARIES = YES;
				CODE_SIGN_STYLE = Automatic;
				CURRENT_PROJECT_VERSION = 1;
				DEVELOPMENT_TEAM = 6WZYJKR3V9;
				GENERATE_INFOPLIST_FILE = YES;
				MARKETING_VERSION = 1.0;
				PRODUCT_BUNDLE_IDENTIFIER = com.kxcoding.SignUpUITests;
				PRODUCT_NAME = "$(TARGET_NAME)";
				SWIFT_EMIT_LOC_STRINGS = NO;
				SWIFT_VERSION = 5.0;
				TARGETED_DEVICE_FAMILY = "1,2";
				TEST_TARGET_NAME = SignUp;
			};
			name = Release;
		};
/* End XCBuildConfiguration section */

/* Begin XCConfigurationList section */
		3D79B11A28FEED2200A3EAE3 /* Build configuration list for PBXProject "SignUp" */ = {
			isa = XCConfigurationList;
			buildConfigurations = (
				3D79B14728FEED2300A3EAE3 /* Debug */,
				3D79B14828FEED2300A3EAE3 /* Release */,
			);
			defaultConfigurationIsVisible = 0;
			defaultConfigurationName = Release;
		};
		3D79B14928FEED2300A3EAE3 /* Build configuration list for PBXNativeTarget "SignUp" */ = {
			isa = XCConfigurationList;
			buildConfigurations = (
				3D79B14A28FEED2300A3EAE3 /* Debug */,
				3D79B14B28FEED2300A3EAE3 /* Release */,
			);
			defaultConfigurationIsVisible = 0;
			defaultConfigurationName = Release;
		};
		3D79B14C28FEED2300A3EAE3 /* Build configuration list for PBXNativeTarget "SignUpTests" */ = {
			isa = XCConfigurationList;
			buildConfigurations = (
				3D79B14D28FEED2300A3EAE3 /* Debug */,
				3D79B14E28FEED2300A3EAE3 /* Release */,
			);
			defaultConfigurationIsVisible = 0;
			defaultConfigurationName = Release;
		};
		3D79B14F28FEED2300A3EAE3 /* Build configuration list for PBXNativeTarget "SignUpUITests" */ = {
			isa = XCConfigurationList;
			buildConfigurations = (
				3D79B15028FEED2300A3EAE3 /* Debug */,
				3D79B15128FEED2300A3EAE3 /* Release */,
			);
			defaultConfigurationIsVisible = 0;
			defaultConfigurationName = Release;
		};
/* End XCConfigurationList section */
	};
	rootObject = 3D79B11728FEED2200A3EAE3 /* Project object */;
}
